
Microsoft Visual Studio Solution File, Format Version 12.00
# Visual Studio Version 17
VisualStudioVersion = 17.7.34202.233
MinimumVisualStudioVersion = 10.0.40219.1
Project("{FAE04EC0-301F-11D3-BF4B-00C04F79EFBC}") = "mars_ping_pong", "mars_ping_pong\mars_ping_pong.csproj", "{C94E70BC-B7D5-42A9-866D-2E09312AC46D}"
EndProject
Global
	GlobalSection(SolutionConfigurationPlatforms) = preSolution
		Debug|Any CPU = Debug|Any CPU
		Release|Any CPU = Release|Any CPU
	EndGlobalSection
	GlobalSection(ProjectConfigurationPlatforms) = postSolution
		{C94E70BC-B7D5-42A9-866D-2E09312AC46D}.Debug|Any CPU.ActiveCfg = Debug|Any CPU
		{C94E70BC-B7D5-42A9-866D-2E09312AC46D}.Debug|Any CPU.Build.0 = Debug|Any CPU
		{C94E70BC-B7D5-42A9-866D-2E09312AC46D}.Release|Any CPU.ActiveCfg = Release|Any CPU
		{C94E70BC-B7D5-42A9-866D-2E09312AC46D}.Release|Any CPU.Build.0 = Release|Any CPU
	EndGlobalSection
	GlobalSection(SolutionProperties) = preSolution
		HideSolutionNode = FALSE
	EndGlobalSection
	GlobalSection(ExtensibilityGlobals) = postSolution
		SolutionGuid = {F0CE9F18-B351-42DA-B4F5-C6A4FD59EFC4}
	EndGlobalSection
EndGlobal
